// !$*UTF8*$!
{
	archiveVersion = 1;
	classes = {
	};
	objectVersion = 56;
	objects = {

/* Begin PBXBuildFile section */
		62533BE12B34356800FE5DD3 /* Player.swift in Sources */ = {isa = PBXBuildFile; fileRef = 62533BE02B34356800FE5DD3 /* Player.swift */; };
		62C2B1E12B4B98910044B06F /* Controller.sks in Resources */ = {isa = PBXBuildFile; fileRef = 62C2B1E02B4B98910044B06F /* Controller.sks */; };
		62C2B1E32B4B9A600044B06F /* AttackButton.sks in Resources */ = {isa = PBXBuildFile; fileRef = 62C2B1E22B4B9A600044B06F /* AttackButton.sks */; };
		62C8036F2B3304BE00D2AD60 /* AppDelegate.swift in Sources */ = {isa = PBXBuildFile; fileRef = 62C8036E2B3304BE00D2AD60 /* AppDelegate.swift */; };
		62C803712B3304BE00D2AD60 /* GameScene.sks in Resources */ = {isa = PBXBuildFile; fileRef = 62C803702B3304BE00D2AD60 /* GameScene.sks */; };
		62C803752B3304BE00D2AD60 /* GameScene.swift in Sources */ = {isa = PBXBuildFile; fileRef = 62C803742B3304BE00D2AD60 /* GameScene.swift */; };
		62C803772B3304BE00D2AD60 /* GameViewController.swift in Sources */ = {isa = PBXBuildFile; fileRef = 62C803762B3304BE00D2AD60 /* GameViewController.swift */; };
		62C8037A2B3304BE00D2AD60 /* Main.storyboard in Resources */ = {isa = PBXBuildFile; fileRef = 62C803782B3304BE00D2AD60 /* Main.storyboard */; };
		62C8037C2B3304BF00D2AD60 /* Assets.xcassets in Resources */ = {isa = PBXBuildFile; fileRef = 62C8037B2B3304BF00D2AD60 /* Assets.xcassets */; };
		62C8037F2B3304BF00D2AD60 /* LaunchScreen.storyboard in Resources */ = {isa = PBXBuildFile; fileRef = 62C8037D2B3304BF00D2AD60 /* LaunchScreen.storyboard */; };
/* End PBXBuildFile section */

/* Begin PBXFileReference section */
		62533BE02B34356800FE5DD3 /* Player.swift */ = {isa = PBXFileReference; lastKnownFileType = sourcecode.swift; path = Player.swift; sourceTree = "<group>"; };
		62C2B1E02B4B98910044B06F /* Controller.sks */ = {isa = PBXFileReference; lastKnownFileType = file.sks; path = Controller.sks; sourceTree = "<group>"; };
		62C2B1E22B4B9A600044B06F /* AttackButton.sks */ = {isa = PBXFileReference; lastKnownFileType = file.sks; path = AttackButton.sks; sourceTree = "<group>"; };
		62C8036B2B3304BE00D2AD60 /* ValsRevenge.app */ = {isa = PBXFileReference; explicitFileType = wrapper.application; includeInIndex = 0; path = ValsRevenge.app; sourceTree = BUILT_PRODUCTS_DIR; };
		62C8036E2B3304BE00D2AD60 /* AppDelegate.swift */ = {isa = PBXFileReference; lastKnownFileType = sourcecode.swift; path = AppDelegate.swift; sourceTree = "<group>"; };
		62C803702B3304BE00D2AD60 /* GameScene.sks */ = {isa = PBXFileReference; lastKnownFileType = file.sks; path = GameScene.sks; sourceTree = "<group>"; };
		62C803742B3304BE00D2AD60 /* GameScene.swift */ = {isa = PBXFileReference; lastKnownFileType = sourcecode.swift; path = GameScene.swift; sourceTree = "<group>"; };
		62C803762B3304BE00D2AD60 /* GameViewController.swift */ = {isa = PBXFileReference; lastKnownFileType = sourcecode.swift; path = GameViewController.swift; sourceTree = "<group>"; };
		62C803792B3304BE00D2AD60 /* Base */ = {isa = PBXFileReference; lastKnownFileType = file.storyboard; name = Base; path = Base.lproj/Main.storyboard; sourceTree = "<group>"; };
		62C8037B2B3304BF00D2AD60 /* Assets.xcassets */ = {isa = PBXFileReference; lastKnownFileType = folder.assetcatalog; path = Assets.xcassets; sourceTree = "<group>"; };
		62C8037E2B3304BF00D2AD60 /* Base */ = {isa = PBXFileReference; lastKnownFileType = file.storyboard; name = Base; path = Base.lproj/LaunchScreen.storyboard; sourceTree = "<group>"; };
/* End PBXFileReference section */

/* Begin PBXFrameworksBuildPhase section */
		62C803682B3304BE00D2AD60 /* Frameworks */ = {
			isa = PBXFrameworksBuildPhase;
			buildActionMask = 2147483647;
			files = (
			);
			runOnlyForDeploymentPostprocessing = 0;
		};
/* End PBXFrameworksBuildPhase section */

/* Begin PBXGroup section */
		62C803622B3304BE00D2AD60 = {
			isa = PBXGroup;
			children = (
				62C8036D2B3304BE00D2AD60 /* ValsRevenge */,
				62C8036C2B3304BE00D2AD60 /* Products */,
			);
			sourceTree = "<group>";
		};
		62C8036C2B3304BE00D2AD60 /* Products */ = {
			isa = PBXGroup;
			children = (
				62C8036B2B3304BE00D2AD60 /* ValsRevenge.app */,
			);
			name = Products;
			sourceTree = "<group>";
		};
		62C8036D2B3304BE00D2AD60 /* ValsRevenge */ = {
			isa = PBXGroup;
			children = (
				62C8036E2B3304BE00D2AD60 /* AppDelegate.swift */,
				62C803702B3304BE00D2AD60 /* GameScene.sks */,
				62C2B1E02B4B98910044B06F /* Controller.sks */,
				62C2B1E22B4B9A600044B06F /* AttackButton.sks */,
				62C803742B3304BE00D2AD60 /* GameScene.swift */,
				62C803762B3304BE00D2AD60 /* GameViewController.swift */,
				62533BE02B34356800FE5DD3 /* Player.swift */,
				62C803782B3304BE00D2AD60 /* Main.storyboard */,
				62C8037B2B3304BF00D2AD60 /* Assets.xcassets */,
				62C8037D2B3304BF00D2AD60 /* LaunchScreen.storyboard */,
			);
			path = ValsRevenge;
			sourceTree = "<group>";
		};
/* End PBXGroup section */

/* Begin PBXNativeTarget section */
		62C8036A2B3304BE00D2AD60 /* ValsRevenge */ = {
			isa = PBXNativeTarget;
			buildConfigurationList = 62C803822B3304BF00D2AD60 /* Build configuration list for PBXNativeTarget "ValsRevenge" */;
			buildPhases = (
				62C803672B3304BE00D2AD60 /* Sources */,
				62C803682B3304BE00D2AD60 /* Frameworks */,
				62C803692B3304BE00D2AD60 /* Resources */,
			);
			buildRules = (
			);
			dependencies = (
			);
			name = ValsRevenge;
			productName = ValsRevenge;
			productReference = 62C8036B2B3304BE00D2AD60 /* ValsRevenge.app */;
			productType = "com.apple.product-type.application";
		};
/* End PBXNativeTarget section */

/* Begin PBXProject section */
		62C803632B3304BE00D2AD60 /* Project object */ = {
			isa = PBXProject;
			attributes = {
				BuildIndependentTargetsInParallel = 1;
				LastSwiftUpdateCheck = 1500;
				LastUpgradeCheck = 1500;
				TargetAttributes = {
					62C8036A2B3304BE00D2AD60 = {
						CreatedOnToolsVersion = 15.0;
					};
				};
			};
			buildConfigurationList = 62C803662B3304BE00D2AD60 /* Build configuration list for PBXProject "ValsRevenge" */;
			compatibilityVersion = "Xcode 14.0";
			developmentRegion = en;
			hasScannedForEncodings = 0;
			knownRegions = (
				en,
				Base,
			);
			mainGroup = 62C803622B3304BE00D2AD60;
			productRefGroup = 62C8036C2B3304BE00D2AD60 /* Products */;
			projectDirPath = "";
			projectRoot = "";
			targets = (
				62C8036A2B3304BE00D2AD60 /* ValsRevenge */,
			);
		};
/* End PBXProject section */

/* Begin PBXResourcesBuildPhase section */
		62C803692B3304BE00D2AD60 /* Resources */ = {
			isa = PBXResourcesBuildPhase;
			buildActionMask = 2147483647;
			files = (
				62C8037A2B3304BE00D2AD60 /* Main.storyboard in Resources */,
				62C803712B3304BE00D2AD60 /* GameScene.sks in Resources */,
				62C2B1E12B4B98910044B06F /* Controller.sks in Resources */,
				62C2B1E32B4B9A600044B06F /* AttackButton.sks in Resources */,
				62C8037C2B3304BF00D2AD60 /* Assets.xcassets in Resources */,
				62C8037F2B3304BF00D2AD60 /* LaunchScreen.storyboard in Resources */,
			);
			runOnlyForDeploymentPostprocessing = 0;
		};
/* End PBXResourcesBuildPhase section */

/* Begin PBXSourcesBuildPhase section */
		62C803672B3304BE00D2AD60 /* Sources */ = {
			isa = PBXSourcesBuildPhase;
			buildActionMask = 2147483647;
			files = (
				62533BE12B34356800FE5DD3 /* Player.swift in Sources */,
				62C803752B3304BE00D2AD60 /* GameScene.swift in Sources */,
				62C803772B3304BE00D2AD60 /* GameViewController.swift in Sources */,
				62C8036F2B3304BE00D2AD60 /* AppDelegate.swift in Sources */,
			);
			runOnlyForDeploymentPostprocessing = 0;
		};
/* End PBXSourcesBuildPhase section */

/* Begin PBXVariantGroup section */
		62C803782B3304BE00D2AD60 /* Main.storyboard */ = {
			isa = PBXVariantGroup;
			children = (
				62C803792B3304BE00D2AD60 /* Base */,
			);
			name = Main.storyboard;
			sourceTree = "<group>";
		};
		62C8037D2B3304BF00D2AD60 /* LaunchScreen.storyboard */ = {
			isa = PBXVariantGroup;
			children = (
				62C8037E2B3304BF00D2AD60 /* Base */,
			);
			name = LaunchScreen.storyboard;
			sourceTree = "<group>";
		};
/* End PBXVariantGroup section */

/* Begin XCBuildConfiguration section */
		62C803802B3304BF00D2AD60 /* Debug */ = {
			isa = XCBuildConfiguration;
			buildSettings = {
				ALWAYS_SEARCH_USER_PATHS = NO;
				ASSETCATALOG_COMPILER_GENERATE_SWIFT_ASSET_SYMBOL_EXTENSIONS = YES;
				CLANG_ANALYZER_NONNULL = YES;
				CLANG_ANALYZER_NUMBER_OBJECT_CONVERSION = YES_AGGRESSIVE;
				CLANG_CXX_LANGUAGE_STANDARD = "gnu++20";
				CLANG_ENABLE_MODULES = YES;
				CLANG_ENABLE_OBJC_ARC = YES;
				CLANG_ENABLE_OBJC_WEAK = YES;
				CLANG_WARN_BLOCK_CAPTURE_AUTORELEASING = YES;
				CLANG_WARN_BOOL_CONVERSION = YES;
				CLANG_WARN_COMMA = YES;
				CLANG_WARN_CONSTANT_CONVERSION = YES;
				CLANG_WARN_DEPRECATED_OBJC_IMPLEMENTATIONS = YES;
				CLANG_WARN_DIRECT_OBJC_ISA_USAGE = YES_ERROR;
				CLANG_WARN_DOCUMENTATION_COMMENTS = YES;
				CLANG_WARN_EMPTY_BODY = YES;
				CLANG_WARN_ENUM_CONVERSION = YES;
				CLANG_WARN_INFINITE_RECURSION = YES;
				CLANG_WARN_INT_CONVERSION = YES;
				CLANG_WARN_NON_LITERAL_NULL_CONVERSION = YES;
				CLANG_WARN_OBJC_IMPLICIT_RETAIN_SELF = YES;
				CLANG_WARN_OBJC_LITERAL_CONVERSION = YES;
				CLANG_WARN_OBJC_ROOT_CLASS = YES_ERROR;
				CLANG_WARN_QUOTED_INCLUDE_IN_FRAMEWORK_HEADER = YES;
				CLANG_WARN_RANGE_LOOP_ANALYSIS = YES;
				CLANG_WARN_STRICT_PROTOTYPES = YES;
				CLANG_WARN_SUSPICIOUS_MOVE = YES;
				CLANG_WARN_UNGUARDED_AVAILABILITY = YES_AGGRESSIVE;
				CLANG_WARN_UNREACHABLE_CODE = YES;
				CLANG_WARN__DUPLICATE_METHOD_MATCH = YES;
				COPY_PHASE_STRIP = NO;
				DEBUG_INFORMATION_FORMAT = dwarf;
				ENABLE_STRICT_OBJC_MSGSEND = YES;
				ENABLE_TESTABILITY = YES;
				ENABLE_USER_SCRIPT_SANDBOXING = YES;
				GCC_C_LANGUAGE_STANDARD = gnu17;
				GCC_DYNAMIC_NO_PIC = NO;
				GCC_NO_COMMON_BLOCKS = YES;
				GCC_OPTIMIZATION_LEVEL = 0;
				GCC_PREPROCESSOR_DEFINITIONS = (
					"DEBUG=1",
					"$(inherited)",
				);
				GCC_WARN_64_TO_32_BIT_CONVERSION = YES;
				GCC_WARN_ABOUT_RETURN_TYPE = YES_ERROR;
				GCC_WARN_UNDECLARED_SELECTOR = YES;
				GCC_WARN_UNINITIALIZED_AUTOS = YES_AGGRESSIVE;
				GCC_WARN_UNUSED_FUNCTION = YES;
				GCC_WARN_UNUSED_VARIABLE = YES;
				IPHONEOS_DEPLOYMENT_TARGET = 17.0;
				LOCALIZATION_PREFERS_STRING_CATALOGS = YES;
				MTL_ENABLE_DEBUG_INFO = INCLUDE_SOURCE;
				MTL_FAST_MATH = YES;
				ONLY_ACTIVE_ARCH = YES;
				SDKROOT = iphoneos;
				SWIFT_ACTIVE_COMPILATION_CONDITIONS = "DEBUG $(inherited)";
				SWIFT_OPTIMIZATION_LEVEL = "-Onone";
			};
			name = Debug;
		};
		62C803812B3304BF00D2AD60 /* Release */ = {
			isa = XCBuildConfiguration;
			buildSettings = {
				ALWAYS_SEARCH_USER_PATHS = NO;
				ASSETCATALOG_COMPILER_GENERATE_SWIFT_ASSET_SYMBOL_EXTENSIONS = YES;
				CLANG_ANALYZER_NONNULL = YES;
				CLANG_ANALYZER_NUMBER_OBJECT_CONVERSION = YES_AGGRESSIVE;
				CLANG_CXX_LANGUAGE_STANDARD = "gnu++20";
				CLANG_ENABLE_MODULES = YES;
				CLANG_ENABLE_OBJC_ARC = YES;
				CLANG_ENABLE_OBJC_WEAK = YES;
				CLANG_WARN_BLOCK_CAPTURE_AUTORELEASING = YES;
				CLANG_WARN_BOOL_CONVERSION = YES;
				CLANG_WARN_COMMA = YES;
				CLANG_WARN_CONSTANT_CONVERSION = YES;
				CLANG_WARN_DEPRECATED_OBJC_IMPLEMENTATIONS = YES;
				CLANG_WARN_DIRECT_OBJC_ISA_USAGE = YES_ERROR;
				CLANG_WARN_DOCUMENTATION_COMMENTS = YES;
				CLANG_WARN_EMPTY_BODY = YES;
				CLANG_WARN_ENUM_CONVERSION = YES;
				CLANG_WARN_INFINITE_RECURSION = YES;
				CLANG_WARN_INT_CONVERSION = YES;
				CLANG_WARN_NON_LITERAL_NULL_CONVERSION = YES;
				CLANG_WARN_OBJC_IMPLICIT_RETAIN_SELF = YES;
				CLANG_WARN_OBJC_LITERAL_CONVERSION = YES;
				CLANG_WARN_OBJC_ROOT_CLASS = YES_ERROR;
				CLANG_WARN_QUOTED_INCLUDE_IN_FRAMEWORK_HEADER = YES;
				CLANG_WARN_RANGE_LOOP_ANALYSIS = YES;
				CLANG_WARN_STRICT_PROTOTYPES = YES;
				CLANG_WARN_SUSPICIOUS_MOVE = YES;
				CLANG_WARN_UNGUARDED_AVAILABILITY = YES_AGGRESSIVE;
				CLANG_WARN_UNREACHABLE_CODE = YES;
				CLANG_WARN__DUPLICATE_METHOD_MATCH = YES;
				COPY_PHASE_STRIP = NO;
				DEBUG_INFORMATION_FORMAT = "dwarf-with-dsym";
				ENABLE_NS_ASSERTIONS = NO;
				ENABLE_STRICT_OBJC_MSGSEND = YES;
				ENABLE_USER_SCRIPT_SANDBOXING = YES;
				GCC_C_LANGUAGE_STANDARD = gnu17;
				GCC_NO_COMMON_BLOCKS = YES;
				GCC_WARN_64_TO_32_BIT_CONVERSION = YES;
				GCC_WARN_ABOUT_RETURN_TYPE = YES_ERROR;
				GCC_WARN_UNDECLARED_SELECTOR = YES;
				GCC_WARN_UNINITIALIZED_AUTOS = YES_AGGRESSIVE;
				GCC_WARN_UNUSED_FUNCTION = YES;
				GCC_WARN_UNUSED_VARIABLE = YES;
				IPHONEOS_DEPLOYMENT_TARGET = 17.0;
				LOCALIZATION_PREFERS_STRING_CATALOGS = YES;
				MTL_ENABLE_DEBUG_INFO = NO;
				MTL_FAST_MATH = YES;
				SDKROOT = iphoneos;
				SWIFT_COMPILATION_MODE = wholemodule;
				VALIDATE_PRODUCT = YES;
			};
			name = Release;
		};
		62C803832B3304BF00D2AD60 /* Debug */ = {
			isa = XCBuildConfiguration;
			buildSettings = {
				ASSETCATALOG_COMPILER_APPICON_NAME = AppIcon;
				ASSETCATALOG_COMPILER_GLOBAL_ACCENT_COLOR_NAME = AccentColor;
				CODE_SIGN_STYLE = Automatic;
				CURRENT_PROJECT_VERSION = 1;
				DEVELOPMENT_TEAM = 7655ESK844;
				GENERATE_INFOPLIST_FILE = YES;
				INFOPLIST_KEY_UIApplicationSupportsIndirectInputEvents = YES;
				INFOPLIST_KEY_UILaunchStoryboardName = LaunchScreen;
				INFOPLIST_KEY_UIMainStoryboardFile = Main;
				INFOPLIST_KEY_UIStatusBarHidden = YES;
				INFOPLIST_KEY_UISupportedInterfaceOrientations_iPad = "UIInterfaceOrientationPortrait UIInterfaceOrientationPortraitUpsideDown UIInterfaceOrientationLandscapeLeft UIInterfaceOrientationLandscapeRight";
				INFOPLIST_KEY_UISupportedInterfaceOrientations_iPhone = "UIInterfaceOrientationPortrait UIInterfaceOrientationLandscapeLeft UIInterfaceOrientationLandscapeRight";
				LD_RUNPATH_SEARCH_PATHS = (
					"$(inherited)",
					"@executable_path/Frameworks",
				);
				MARKETING_VERSION = 1.0;
				PRODUCT_BUNDLE_IDENTIFIER = com.styf.ValsRevenge;
				PRODUCT_NAME = "$(TARGET_NAME)";
				SWIFT_EMIT_LOC_STRINGS = YES;
				SWIFT_VERSION = 5.0;
				TARGETED_DEVICE_FAMILY = "1,2";
			};
			name = Debug;
		};
		62C803842B3304BF00D2AD60 /* Release */ = {
			isa = XCBuildConfiguration;
			buildSettings = {
				ASSETCATALOG_COMPILER_APPICON_NAME = AppIcon;
				ASSETCATALOG_COMPILER_GLOBAL_ACCENT_COLOR_NAME = AccentColor;
				CODE_SIGN_STYLE = Automatic;
				CURRENT_PROJECT_VERSION = 1;
				DEVELOPMENT_TEAM = 7655ESK844;
				GENERATE_INFOPLIST_FILE = YES;
				INFOPLIST_KEY_UIApplicationSupportsIndirectInputEvents = YES;
				INFOPLIST_KEY_UILaunchStoryboardName = LaunchScreen;
				INFOPLIST_KEY_UIMainStoryboardFile = Main;
				INFOPLIST_KEY_UIStatusBarHidden = YES;
				INFOPLIST_KEY_UISupportedInterfaceOrientations_iPad = "UIInterfaceOrientationPortrait UIInterfaceOrientationPortraitUpsideDown UIInterfaceOrientationLandscapeLeft UIInterfaceOrientationLandscapeRight";
				INFOPLIST_KEY_UISupportedInterfaceOrientations_iPhone = "UIInterfaceOrientationPortrait UIInterfaceOrientationLandscapeLeft UIInterfaceOrientationLandscapeRight";
				LD_RUNPATH_SEARCH_PATHS = (
					"$(inherited)",
					"@executable_path/Frameworks",
				);
				MARKETING_VERSION = 1.0;
				PRODUCT_BUNDLE_IDENTIFIER = com.styf.ValsRevenge;
				PRODUCT_NAME = "$(TARGET_NAME)";
				SWIFT_EMIT_LOC_STRINGS = YES;
				SWIFT_VERSION = 5.0;
				TARGETED_DEVICE_FAMILY = "1,2";
			};
			name = Release;
		};
/* End XCBuildConfiguration section */

/* Begin XCConfigurationList section */
		62C803662B3304BE00D2AD60 /* Build configuration list for PBXProject "ValsRevenge" */ = {
			isa = XCConfigurationList;
			buildConfigurations = (
				62C803802B3304BF00D2AD60 /* Debug */,
				62C803812B3304BF00D2AD60 /* Release */,
			);
			defaultConfigurationIsVisible = 0;
			defaultConfigurationName = Release;
		};
		62C803822B3304BF00D2AD60 /* Build configuration list for PBXNativeTarget "ValsRevenge" */ = {
			isa = XCConfigurationList;
			buildConfigurations = (
				62C803832B3304BF00D2AD60 /* Debug */,
				62C803842B3304BF00D2AD60 /* Release */,
			);
			defaultConfigurationIsVisible = 0;
			defaultConfigurationName = Release;
		};
/* End XCConfigurationList section */
	};
	rootObject = 62C803632B3304BE00D2AD60 /* Project object */;
}
