// !$*UTF8*$!
{
	archiveVersion = 1;
	classes = {
	};
	objectVersion = 56;
	objects = {

/* Begin PBXBuildFile section */
		92128A1D28DAF39C004154CB /* MarkDownerApp.swift in Sources */ = {isa = PBXBuildFile; fileRef = 92128A1C28DAF39C004154CB /* MarkDownerApp.swift */; };
		92128A1F28DAF39C004154CB /* MarkDownerDocument.swift in Sources */ = {isa = PBXBuildFile; fileRef = 92128A1E28DAF39C004154CB /* MarkDownerDocument.swift */; };
		92128A2128DAF39C004154CB /* ContentView.swift in Sources */ = {isa = PBXBuildFile; fileRef = 92128A2028DAF39C004154CB /* ContentView.swift */; };
		92128A2328DAF39D004154CB /* Assets.xcassets in Resources */ = {isa = PBXBuildFile; fileRef = 92128A2228DAF39D004154CB /* Assets.xcassets */; };
		92128A2628DAF39D004154CB /* Preview Assets.xcassets in Resources */ = {isa = PBXBuildFile; fileRef = 92128A2528DAF39D004154CB /* Preview Assets.xcassets */; };
		92128A3228DB033F004154CB /* MarkdownKit in Frameworks */ = {isa = PBXBuildFile; productRef = 92128A3128DB033F004154CB /* MarkdownKit */; };
		92128A3428DB04CE004154CB /* WebView.swift in Sources */ = {isa = PBXBuildFile; fileRef = 92128A3328DB04CE004154CB /* WebView.swift */; };
		92128A3C28DB1459004154CB /* StyleSheet.swift in Sources */ = {isa = PBXBuildFile; fileRef = 92128A3628DB1459004154CB /* StyleSheet.swift */; };
		92128A3D28DB1459004154CB /* ulysses.css in Resources */ = {isa = PBXBuildFile; fileRef = 92128A3728DB1459004154CB /* ulysses.css */; };
		92128A3E28DB1459004154CB /* darksolarized.css in Resources */ = {isa = PBXBuildFile; fileRef = 92128A3828DB1459004154CB /* darksolarized.css */; };
		92128A3F28DB1459004154CB /* github.css in Resources */ = {isa = PBXBuildFile; fileRef = 92128A3928DB1459004154CB /* github.css */; };
		92128A4028DB1459004154CB /* lopash.css in Resources */ = {isa = PBXBuildFile; fileRef = 92128A3A28DB1459004154CB /* lopash.css */; };
		92128A4128DB1459004154CB /* raywenderlich.css in Resources */ = {isa = PBXBuildFile; fileRef = 92128A3B28DB1459004154CB /* raywenderlich.css */; };
		92128A4328DB2ED7004154CB /* MenuCommands.swift in Sources */ = {isa = PBXBuildFile; fileRef = 92128A4228DB2ED6004154CB /* MenuCommands.swift */; };
/* End PBXBuildFile section */

/* Begin PBXFileReference section */
		92128A1928DAF39C004154CB /* MarkDowner.app */ = {isa = PBXFileReference; explicitFileType = wrapper.application; includeInIndex = 0; path = MarkDowner.app; sourceTree = BUILT_PRODUCTS_DIR; };
		92128A1C28DAF39C004154CB /* MarkDownerApp.swift */ = {isa = PBXFileReference; lastKnownFileType = sourcecode.swift; path = MarkDownerApp.swift; sourceTree = "<group>"; };
		92128A1E28DAF39C004154CB /* MarkDownerDocument.swift */ = {isa = PBXFileReference; lastKnownFileType = sourcecode.swift; path = MarkDownerDocument.swift; sourceTree = "<group>"; };
		92128A2028DAF39C004154CB /* ContentView.swift */ = {isa = PBXFileReference; lastKnownFileType = sourcecode.swift; path = ContentView.swift; sourceTree = "<group>"; };
		92128A2228DAF39D004154CB /* Assets.xcassets */ = {isa = PBXFileReference; lastKnownFileType = folder.assetcatalog; path = Assets.xcassets; sourceTree = "<group>"; };
		92128A2528DAF39D004154CB /* Preview Assets.xcassets */ = {isa = PBXFileReference; lastKnownFileType = folder.assetcatalog; path = "Preview Assets.xcassets"; sourceTree = "<group>"; };
		92128A2728DAF39D004154CB /* Info.plist */ = {isa = PBXFileReference; lastKnownFileType = text.plist.xml; path = Info.plist; sourceTree = "<group>"; };
		92128A2828DAF39D004154CB /* MarkDowner.entitlements */ = {isa = PBXFileReference; lastKnownFileType = text.plist.entitlements; path = MarkDowner.entitlements; sourceTree = "<group>"; };
		92128A2F28DB0323004154CB /* swift-markdownkit-1.1.5 */ = {isa = PBXFileReference; lastKnownFileType = wrapper; name = "swift-markdownkit-1.1.5"; path = "SPM/swift-markdownkit-1.1.5"; sourceTree = "<group>"; };
		92128A3328DB04CE004154CB /* WebView.swift */ = {isa = PBXFileReference; lastKnownFileType = sourcecode.swift; path = WebView.swift; sourceTree = "<group>"; };
		92128A3628DB1459004154CB /* StyleSheet.swift */ = {isa = PBXFileReference; fileEncoding = 4; lastKnownFileType = sourcecode.swift; path = StyleSheet.swift; sourceTree = "<group>"; };
		92128A3728DB1459004154CB /* ulysses.css */ = {isa = PBXFileReference; fileEncoding = 4; lastKnownFileType = text.css; path = ulysses.css; sourceTree = "<group>"; };
		92128A3828DB1459004154CB /* darksolarized.css */ = {isa = PBXFileReference; fileEncoding = 4; lastKnownFileType = text.css; path = darksolarized.css; sourceTree = "<group>"; };
		92128A3928DB1459004154CB /* github.css */ = {isa = PBXFileReference; fileEncoding = 4; lastKnownFileType = text.css; path = github.css; sourceTree = "<group>"; };
		92128A3A28DB1459004154CB /* lopash.css */ = {isa = PBXFileReference; fileEncoding = 4; lastKnownFileType = text.css; path = lopash.css; sourceTree = "<group>"; };
		92128A3B28DB1459004154CB /* raywenderlich.css */ = {isa = PBXFileReference; fileEncoding = 4; lastKnownFileType = text.css; path = raywenderlich.css; sourceTree = "<group>"; };
		92128A4228DB2ED6004154CB /* MenuCommands.swift */ = {isa = PBXFileReference; lastKnownFileType = sourcecode.swift; path = MenuCommands.swift; sourceTree = "<group>"; };
/* End PBXFileReference section */

/* Begin PBXFrameworksBuildPhase section */
		92128A1628DAF39C004154CB /* Frameworks */ = {
			isa = PBXFrameworksBuildPhase;
			buildActionMask = 2147483647;
			files = (
				92128A3228DB033F004154CB /* MarkdownKit in Frameworks */,
			);
			runOnlyForDeploymentPostprocessing = 0;
		};
/* End PBXFrameworksBuildPhase section */

/* Begin PBXGroup section */
		92128A1028DAF39C004154CB = {
			isa = PBXGroup;
			children = (
				92128A2E28DB0323004154CB /* Packages */,
				92128A1B28DAF39C004154CB /* MarkDowner */,
				92128A1A28DAF39C004154CB /* Products */,
				92128A3028DB033F004154CB /* Frameworks */,
			);
			sourceTree = "<group>";
		};
		92128A1A28DAF39C004154CB /* Products */ = {
			isa = PBXGroup;
			children = (
				92128A1928DAF39C004154CB /* MarkDowner.app */,
			);
			name = Products;
			sourceTree = "<group>";
		};
		92128A1B28DAF39C004154CB /* MarkDowner */ = {
			isa = PBXGroup;
			children = (
				92128A1C28DAF39C004154CB /* MarkDownerApp.swift */,
				92128A1E28DAF39C004154CB /* MarkDownerDocument.swift */,
				92128A2028DAF39C004154CB /* ContentView.swift */,
				92128A3328DB04CE004154CB /* WebView.swift */,
				92128A4228DB2ED6004154CB /* MenuCommands.swift */,
				92128A3528DB1459004154CB /* StyleSheets */,
				92128A2228DAF39D004154CB /* Assets.xcassets */,
				92128A2728DAF39D004154CB /* Info.plist */,
				92128A2828DAF39D004154CB /* MarkDowner.entitlements */,
				92128A2428DAF39D004154CB /* Preview Content */,
			);
			path = MarkDowner;
			sourceTree = "<group>";
		};
		92128A2428DAF39D004154CB /* Preview Content */ = {
			isa = PBXGroup;
			children = (
				92128A2528DAF39D004154CB /* Preview Assets.xcassets */,
			);
			path = "Preview Content";
			sourceTree = "<group>";
		};
		92128A2E28DB0323004154CB /* Packages */ = {
			isa = PBXGroup;
			children = (
				92128A2F28DB0323004154CB /* swift-markdownkit-1.1.5 */,
			);
			name = Packages;
			sourceTree = "<group>";
		};
		92128A3028DB033F004154CB /* Frameworks */ = {
			isa = PBXGroup;
			children = (
			);
			name = Frameworks;
			sourceTree = "<group>";
		};
		92128A3528DB1459004154CB /* StyleSheets */ = {
			isa = PBXGroup;
			children = (
				92128A3628DB1459004154CB /* StyleSheet.swift */,
				92128A3728DB1459004154CB /* ulysses.css */,
				92128A3828DB1459004154CB /* darksolarized.css */,
				92128A3928DB1459004154CB /* github.css */,
				92128A3A28DB1459004154CB /* lopash.css */,
				92128A3B28DB1459004154CB /* raywenderlich.css */,
			);
			path = StyleSheets;
			sourceTree = "<group>";
		};
/* End PBXGroup section */

/* Begin PBXNativeTarget section */
		92128A1828DAF39C004154CB /* MarkDowner */ = {
			isa = PBXNativeTarget;
			buildConfigurationList = 92128A2B28DAF39D004154CB /* Build configuration list for PBXNativeTarget "MarkDowner" */;
			buildPhases = (
				92128A1528DAF39C004154CB /* Sources */,
				92128A1628DAF39C004154CB /* Frameworks */,
				92128A1728DAF39C004154CB /* Resources */,
			);
			buildRules = (
			);
			dependencies = (
			);
			name = MarkDowner;
			packageProductDependencies = (
				92128A3128DB033F004154CB /* MarkdownKit */,
			);
			productName = MarkDowner;
			productReference = 92128A1928DAF39C004154CB /* MarkDowner.app */;
			productType = "com.apple.product-type.application";
		};
/* End PBXNativeTarget section */

/* Begin PBXProject section */
		92128A1128DAF39C004154CB /* Project object */ = {
			isa = PBXProject;
			attributes = {
				BuildIndependentTargetsInParallel = 1;
				LastSwiftUpdateCheck = 1400;
				LastUpgradeCheck = 1400;
				TargetAttributes = {
					92128A1828DAF39C004154CB = {
						CreatedOnToolsVersion = 14.0;
					};
				};
			};
			buildConfigurationList = 92128A1428DAF39C004154CB /* Build configuration list for PBXProject "MarkDowner" */;
			compatibilityVersion = "Xcode 14.0";
			developmentRegion = en;
			hasScannedForEncodings = 0;
			knownRegions = (
				en,
				Base,
			);
			mainGroup = 92128A1028DAF39C004154CB;
			productRefGroup = 92128A1A28DAF39C004154CB /* Products */;
			projectDirPath = "";
			projectRoot = "";
			targets = (
				92128A1828DAF39C004154CB /* MarkDowner */,
			);
		};
/* End PBXProject section */

/* Begin PBXResourcesBuildPhase section */
		92128A1728DAF39C004154CB /* Resources */ = {
			isa = PBXResourcesBuildPhase;
			buildActionMask = 2147483647;
			files = (
				92128A4028DB1459004154CB /* lopash.css in Resources */,
				92128A2628DAF39D004154CB /* Preview Assets.xcassets in Resources */,
				92128A3F28DB1459004154CB /* github.css in Resources */,
				92128A3D28DB1459004154CB /* ulysses.css in Resources */,
				92128A4128DB1459004154CB /* raywenderlich.css in Resources */,
				92128A2328DAF39D004154CB /* Assets.xcassets in Resources */,
				92128A3E28DB1459004154CB /* darksolarized.css in Resources */,
			);
			runOnlyForDeploymentPostprocessing = 0;
		};
/* End PBXResourcesBuildPhase section */

/* Begin PBXSourcesBuildPhase section */
		92128A1528DAF39C004154CB /* Sources */ = {
			isa = PBXSourcesBuildPhase;
			buildActionMask = 2147483647;
			files = (
				92128A1F28DAF39C004154CB /* MarkDownerDocument.swift in Sources */,
				92128A3C28DB1459004154CB /* StyleSheet.swift in Sources */,
				92128A4328DB2ED7004154CB /* MenuCommands.swift in Sources */,
				92128A3428DB04CE004154CB /* WebView.swift in Sources */,
				92128A1D28DAF39C004154CB /* MarkDownerApp.swift in Sources */,
				92128A2128DAF39C004154CB /* ContentView.swift in Sources */,
			);
			runOnlyForDeploymentPostprocessing = 0;
		};
/* End PBXSourcesBuildPhase section */

/* Begin XCBuildConfiguration section */
		92128A2928DAF39D004154CB /* Debug */ = {
			isa = XCBuildConfiguration;
			buildSettings = {
				ALWAYS_SEARCH_USER_PATHS = NO;
				CLANG_ANALYZER_NONNULL = YES;
				CLANG_ANALYZER_NUMBER_OBJECT_CONVERSION = YES_AGGRESSIVE;
				CLANG_CXX_LANGUAGE_STANDARD = "gnu++20";
				CLANG_ENABLE_MODULES = YES;
				CLANG_ENABLE_OBJC_ARC = YES;
				CLANG_ENABLE_OBJC_WEAK = YES;
				CLANG_WARN_BLOCK_CAPTURE_AUTORELEASING = YES;
				CLANG_WARN_BOOL_CONVERSION = YES;
				CLANG_WARN_COMMA = YES;
				CLANG_WARN_CONSTANT_CONVERSION = YES;
				CLANG_WARN_DEPRECATED_OBJC_IMPLEMENTATIONS = YES;
				CLANG_WARN_DIRECT_OBJC_ISA_USAGE = YES_ERROR;
				CLANG_WARN_DOCUMENTATION_COMMENTS = YES;
				CLANG_WARN_EMPTY_BODY = YES;
				CLANG_WARN_ENUM_CONVERSION = YES;
				CLANG_WARN_INFINITE_RECURSION = YES;
				CLANG_WARN_INT_CONVERSION = YES;
				CLANG_WARN_NON_LITERAL_NULL_CONVERSION = YES;
				CLANG_WARN_OBJC_IMPLICIT_RETAIN_SELF = YES;
				CLANG_WARN_OBJC_LITERAL_CONVERSION = YES;
				CLANG_WARN_OBJC_ROOT_CLASS = YES_ERROR;
				CLANG_WARN_QUOTED_INCLUDE_IN_FRAMEWORK_HEADER = YES;
				CLANG_WARN_RANGE_LOOP_ANALYSIS = YES;
				CLANG_WARN_STRICT_PROTOTYPES = YES;
				CLANG_WARN_SUSPICIOUS_MOVE = YES;
				CLANG_WARN_UNGUARDED_AVAILABILITY = YES_AGGRESSIVE;
				CLANG_WARN_UNREACHABLE_CODE = YES;
				CLANG_WARN__DUPLICATE_METHOD_MATCH = YES;
				COPY_PHASE_STRIP = NO;
				DEBUG_INFORMATION_FORMAT = dwarf;
				ENABLE_STRICT_OBJC_MSGSEND = YES;
				ENABLE_TESTABILITY = YES;
				GCC_C_LANGUAGE_STANDARD = gnu11;
				GCC_DYNAMIC_NO_PIC = NO;
				GCC_NO_COMMON_BLOCKS = YES;
				GCC_OPTIMIZATION_LEVEL = 0;
				GCC_PREPROCESSOR_DEFINITIONS = (
					"DEBUG=1",
					"$(inherited)",
				);
				GCC_WARN_64_TO_32_BIT_CONVERSION = YES;
				GCC_WARN_ABOUT_RETURN_TYPE = YES_ERROR;
				GCC_WARN_UNDECLARED_SELECTOR = YES;
				GCC_WARN_UNINITIALIZED_AUTOS = YES_AGGRESSIVE;
				GCC_WARN_UNUSED_FUNCTION = YES;
				GCC_WARN_UNUSED_VARIABLE = YES;
				MACOSX_DEPLOYMENT_TARGET = 12.3;
				MTL_ENABLE_DEBUG_INFO = INCLUDE_SOURCE;
				MTL_FAST_MATH = YES;
				ONLY_ACTIVE_ARCH = YES;
				SDKROOT = macosx;
				SWIFT_ACTIVE_COMPILATION_CONDITIONS = DEBUG;
				SWIFT_OPTIMIZATION_LEVEL = "-Onone";
			};
			name = Debug;
		};
		92128A2A28DAF39D004154CB /* Release */ = {
			isa = XCBuildConfiguration;
			buildSettings = {
				ALWAYS_SEARCH_USER_PATHS = NO;
				CLANG_ANALYZER_NONNULL = YES;
				CLANG_ANALYZER_NUMBER_OBJECT_CONVERSION = YES_AGGRESSIVE;
				CLANG_CXX_LANGUAGE_STANDARD = "gnu++20";
				CLANG_ENABLE_MODULES = YES;
				CLANG_ENABLE_OBJC_ARC = YES;
				CLANG_ENABLE_OBJC_WEAK = YES;
				CLANG_WARN_BLOCK_CAPTURE_AUTORELEASING = YES;
				CLANG_WARN_BOOL_CONVERSION = YES;
				CLANG_WARN_COMMA = YES;
				CLANG_WARN_CONSTANT_CONVERSION = YES;
				CLANG_WARN_DEPRECATED_OBJC_IMPLEMENTATIONS = YES;
				CLANG_WARN_DIRECT_OBJC_ISA_USAGE = YES_ERROR;
				CLANG_WARN_DOCUMENTATION_COMMENTS = YES;
				CLANG_WARN_EMPTY_BODY = YES;
				CLANG_WARN_ENUM_CONVERSION = YES;
				CLANG_WARN_INFINITE_RECURSION = YES;
				CLANG_WARN_INT_CONVERSION = YES;
				CLANG_WARN_NON_LITERAL_NULL_CONVERSION = YES;
				CLANG_WARN_OBJC_IMPLICIT_RETAIN_SELF = YES;
				CLANG_WARN_OBJC_LITERAL_CONVERSION = YES;
				CLANG_WARN_OBJC_ROOT_CLASS = YES_ERROR;
				CLANG_WARN_QUOTED_INCLUDE_IN_FRAMEWORK_HEADER = YES;
				CLANG_WARN_RANGE_LOOP_ANALYSIS = YES;
				CLANG_WARN_STRICT_PROTOTYPES = YES;
				CLANG_WARN_SUSPICIOUS_MOVE = YES;
				CLANG_WARN_UNGUARDED_AVAILABILITY = YES_AGGRESSIVE;
				CLANG_WARN_UNREACHABLE_CODE = YES;
				CLANG_WARN__DUPLICATE_METHOD_MATCH = YES;
				COPY_PHASE_STRIP = NO;
				DEBUG_INFORMATION_FORMAT = "dwarf-with-dsym";
				ENABLE_NS_ASSERTIONS = NO;
				ENABLE_STRICT_OBJC_MSGSEND = YES;
				GCC_C_LANGUAGE_STANDARD = gnu11;
				GCC_NO_COMMON_BLOCKS = YES;
				GCC_WARN_64_TO_32_BIT_CONVERSION = YES;
				GCC_WARN_ABOUT_RETURN_TYPE = YES_ERROR;
				GCC_WARN_UNDECLARED_SELECTOR = YES;
				GCC_WARN_UNINITIALIZED_AUTOS = YES_AGGRESSIVE;
				GCC_WARN_UNUSED_FUNCTION = YES;
				GCC_WARN_UNUSED_VARIABLE = YES;
				MACOSX_DEPLOYMENT_TARGET = 12.3;
				MTL_ENABLE_DEBUG_INFO = NO;
				MTL_FAST_MATH = YES;
				SDKROOT = macosx;
				SWIFT_COMPILATION_MODE = wholemodule;
				SWIFT_OPTIMIZATION_LEVEL = "-O";
			};
			name = Release;
		};
		92128A2C28DAF39D004154CB /* Debug */ = {
			isa = XCBuildConfiguration;
			buildSettings = {
				ASSETCATALOG_COMPILER_APPICON_NAME = AppIcon;
				ASSETCATALOG_COMPILER_GLOBAL_ACCENT_COLOR_NAME = AccentColor;
				CODE_SIGN_ENTITLEMENTS = MarkDowner/MarkDowner.entitlements;
				CODE_SIGN_STYLE = Automatic;
				COMBINE_HIDPI_IMAGES = YES;
				CURRENT_PROJECT_VERSION = 1;
				DEVELOPMENT_ASSET_PATHS = "\"MarkDowner/Preview Content\"";
				DEVELOPMENT_TEAM = 248E7966L8;
				ENABLE_HARDENED_RUNTIME = YES;
				ENABLE_PREVIEWS = YES;
				GENERATE_INFOPLIST_FILE = YES;
				INFOPLIST_FILE = MarkDowner/Info.plist;
				INFOPLIST_KEY_NSHumanReadableCopyright = "";
				LD_RUNPATH_SEARCH_PATHS = (
					"$(inherited)",
					"@executable_path/../Frameworks",
				);
				MARKETING_VERSION = 1.0;
				PRODUCT_BUNDLE_IDENTIFIER = styf.MarkDowner;
				PRODUCT_NAME = "$(TARGET_NAME)";
				SWIFT_EMIT_LOC_STRINGS = YES;
				SWIFT_VERSION = 5.0;
			};
			name = Debug;
		};
		92128A2D28DAF39D004154CB /* Release */ = {
			isa = XCBuildConfiguration;
			buildSettings = {
				ASSETCATALOG_COMPILER_APPICON_NAME = AppIcon;
				ASSETCATALOG_COMPILER_GLOBAL_ACCENT_COLOR_NAME = AccentColor;
				CODE_SIGN_ENTITLEMENTS = MarkDowner/MarkDowner.entitlements;
				CODE_SIGN_STYLE = Automatic;
				COMBINE_HIDPI_IMAGES = YES;
				CURRENT_PROJECT_VERSION = 1;
				DEVELOPMENT_ASSET_PATHS = "\"MarkDowner/Preview Content\"";
				DEVELOPMENT_TEAM = 248E7966L8;
				ENABLE_HARDENED_RUNTIME = YES;
				ENABLE_PREVIEWS = YES;
				GENERATE_INFOPLIST_FILE = YES;
				INFOPLIST_FILE = MarkDowner/Info.plist;
				INFOPLIST_KEY_NSHumanReadableCopyright = "";
				LD_RUNPATH_SEARCH_PATHS = (
					"$(inherited)",
					"@executable_path/../Frameworks",
				);
				MARKETING_VERSION = 1.0;
				PRODUCT_BUNDLE_IDENTIFIER = styf.MarkDowner;
				PRODUCT_NAME = "$(TARGET_NAME)";
				SWIFT_EMIT_LOC_STRINGS = YES;
				SWIFT_VERSION = 5.0;
			};
			name = Release;
		};
/* End XCBuildConfiguration section */

/* Begin XCConfigurationList section */
		92128A1428DAF39C004154CB /* Build configuration list for PBXProject "MarkDowner" */ = {
			isa = XCConfigurationList;
			buildConfigurations = (
				92128A2928DAF39D004154CB /* Debug */,
				92128A2A28DAF39D004154CB /* Release */,
			);
			defaultConfigurationIsVisible = 0;
			defaultConfigurationName = Release;
		};
		92128A2B28DAF39D004154CB /* Build configuration list for PBXNativeTarget "MarkDowner" */ = {
			isa = XCConfigurationList;
			buildConfigurations = (
				92128A2C28DAF39D004154CB /* Debug */,
				92128A2D28DAF39D004154CB /* Release */,
			);
			defaultConfigurationIsVisible = 0;
			defaultConfigurationName = Release;
		};
/* End XCConfigurationList section */

/* Begin XCSwiftPackageProductDependency section */
		92128A3128DB033F004154CB /* MarkdownKit */ = {
			isa = XCSwiftPackageProductDependency;
			productName = MarkdownKit;
		};
/* End XCSwiftPackageProductDependency section */
	};
	rootObject = 92128A1128DAF39C004154CB /* Project object */;
}
