// !$*UTF8*$!
{
	archiveVersion = 1;
	classes = {
	};
	objectVersion = 56;
	objects = {

/* Begin PBXBuildFile section */
		9200F36728C89E71007EF412 /* OnThisDayApp.swift in Sources */ = {isa = PBXBuildFile; fileRef = 9200F36628C89E71007EF412 /* OnThisDayApp.swift */; };
		9200F36928C89E71007EF412 /* ContentView.swift in Sources */ = {isa = PBXBuildFile; fileRef = 9200F36828C89E71007EF412 /* ContentView.swift */; };
		9200F36B28C89E74007EF412 /* Assets.xcassets in Resources */ = {isa = PBXBuildFile; fileRef = 9200F36A28C89E74007EF412 /* Assets.xcassets */; };
		9200F36E28C89E74007EF412 /* Preview Assets.xcassets in Resources */ = {isa = PBXBuildFile; fileRef = 9200F36D28C89E74007EF412 /* Preview Assets.xcassets */; };
		920CCBD828D17E4700B8B51C /* PreferencesView.swift in Sources */ = {isa = PBXBuildFile; fileRef = 920CCBD728D17E4700B8B51C /* PreferencesView.swift */; };
		9255D1B828C9C194001B5402 /* AppState.swift in Sources */ = {isa = PBXBuildFile; fileRef = 9255D1B428C9C194001B5402 /* AppState.swift */; };
		9255D1B928C9C194001B5402 /* Event.swift in Sources */ = {isa = PBXBuildFile; fileRef = 9255D1B528C9C194001B5402 /* Event.swift */; };
		9255D1BA28C9C194001B5402 /* EventLink.swift in Sources */ = {isa = PBXBuildFile; fileRef = 9255D1B628C9C194001B5402 /* EventLink.swift */; };
		9255D1BB28C9C194001B5402 /* Day.swift in Sources */ = {isa = PBXBuildFile; fileRef = 9255D1B728C9C194001B5402 /* Day.swift */; };
		9255D1BF28C9C19C001B5402 /* String_decoded.swift in Sources */ = {isa = PBXBuildFile; fileRef = 9255D1BD28C9C19C001B5402 /* String_decoded.swift */; };
		9255D1C028C9C19C001B5402 /* Networker.swift in Sources */ = {isa = PBXBuildFile; fileRef = 9255D1BE28C9C19C001B5402 /* Networker.swift */; };
		9255D1C228C9CED9001B5402 /* SidebarView.swift in Sources */ = {isa = PBXBuildFile; fileRef = 9255D1C128C9CED9001B5402 /* SidebarView.swift */; };
		9255D1C428C9D7D6001B5402 /* EventView.swift in Sources */ = {isa = PBXBuildFile; fileRef = 9255D1C328C9D7D6001B5402 /* EventView.swift */; };
		9255D1C728C9D8CD001B5402 /* SampleEvent.swift in Sources */ = {isa = PBXBuildFile; fileRef = 9255D1C628C9D8CD001B5402 /* SampleEvent.swift */; };
		9255D1C928C9E68B001B5402 /* GridView.swift in Sources */ = {isa = PBXBuildFile; fileRef = 9255D1C828C9E68B001B5402 /* GridView.swift */; };
		92733D4728CAE572001683EF /* Menus.swift in Sources */ = {isa = PBXBuildFile; fileRef = 92733D4628CAE572001683EF /* Menus.swift */; };
		92733D4928CB24D0001683EF /* DisplayMode.swift in Sources */ = {isa = PBXBuildFile; fileRef = 92733D4828CB24D0001683EF /* DisplayMode.swift */; };
		92733D4C28CB2EF3001683EF /* Toolbar.swift in Sources */ = {isa = PBXBuildFile; fileRef = 92733D4B28CB2EF3001683EF /* Toolbar.swift */; };
		92EFF54228D054DC001176EE /* TableView.swift in Sources */ = {isa = PBXBuildFile; fileRef = 92EFF54128D054DC001176EE /* TableView.swift */; };
		92EFFBF528D07C60001176EE /* DatePickerViews.swift in Sources */ = {isa = PBXBuildFile; fileRef = 92EFFBF428D07C60001176EE /* DatePickerViews.swift */; };
		92EFFBF728D07F1A001176EE /* DayPicker.swift in Sources */ = {isa = PBXBuildFile; fileRef = 92EFFBF628D07F1A001176EE /* DayPicker.swift */; };
/* End PBXBuildFile section */

/* Begin PBXFileReference section */
		9200F36328C89E71007EF412 /* On This Day.app */ = {isa = PBXFileReference; explicitFileType = wrapper.application; includeInIndex = 0; path = "On This Day.app"; sourceTree = BUILT_PRODUCTS_DIR; };
		9200F36628C89E71007EF412 /* OnThisDayApp.swift */ = {isa = PBXFileReference; lastKnownFileType = sourcecode.swift; path = OnThisDayApp.swift; sourceTree = "<group>"; };
		9200F36828C89E71007EF412 /* ContentView.swift */ = {isa = PBXFileReference; lastKnownFileType = sourcecode.swift; path = ContentView.swift; sourceTree = "<group>"; };
		9200F36A28C89E74007EF412 /* Assets.xcassets */ = {isa = PBXFileReference; lastKnownFileType = folder.assetcatalog; path = Assets.xcassets; sourceTree = "<group>"; };
		9200F36D28C89E74007EF412 /* Preview Assets.xcassets */ = {isa = PBXFileReference; lastKnownFileType = folder.assetcatalog; path = "Preview Assets.xcassets"; sourceTree = "<group>"; };
		9200F36F28C89E74007EF412 /* OnThisDay.entitlements */ = {isa = PBXFileReference; lastKnownFileType = text.plist.entitlements; path = OnThisDay.entitlements; sourceTree = "<group>"; };
		920CCBD728D17E4700B8B51C /* PreferencesView.swift */ = {isa = PBXFileReference; lastKnownFileType = sourcecode.swift; path = PreferencesView.swift; sourceTree = "<group>"; };
		9255D1B428C9C194001B5402 /* AppState.swift */ = {isa = PBXFileReference; fileEncoding = 4; lastKnownFileType = sourcecode.swift; path = AppState.swift; sourceTree = "<group>"; };
		9255D1B528C9C194001B5402 /* Event.swift */ = {isa = PBXFileReference; fileEncoding = 4; lastKnownFileType = sourcecode.swift; path = Event.swift; sourceTree = "<group>"; };
		9255D1B628C9C194001B5402 /* EventLink.swift */ = {isa = PBXFileReference; fileEncoding = 4; lastKnownFileType = sourcecode.swift; path = EventLink.swift; sourceTree = "<group>"; };
		9255D1B728C9C194001B5402 /* Day.swift */ = {isa = PBXFileReference; fileEncoding = 4; lastKnownFileType = sourcecode.swift; path = Day.swift; sourceTree = "<group>"; };
		9255D1BD28C9C19C001B5402 /* String_decoded.swift */ = {isa = PBXFileReference; fileEncoding = 4; lastKnownFileType = sourcecode.swift; path = String_decoded.swift; sourceTree = "<group>"; };
		9255D1BE28C9C19C001B5402 /* Networker.swift */ = {isa = PBXFileReference; fileEncoding = 4; lastKnownFileType = sourcecode.swift; path = Networker.swift; sourceTree = "<group>"; };
		9255D1C128C9CED9001B5402 /* SidebarView.swift */ = {isa = PBXFileReference; lastKnownFileType = sourcecode.swift; path = SidebarView.swift; sourceTree = "<group>"; };
		9255D1C328C9D7D6001B5402 /* EventView.swift */ = {isa = PBXFileReference; lastKnownFileType = sourcecode.swift; path = EventView.swift; sourceTree = "<group>"; };
		9255D1C628C9D8CD001B5402 /* SampleEvent.swift */ = {isa = PBXFileReference; fileEncoding = 4; lastKnownFileType = sourcecode.swift; path = SampleEvent.swift; sourceTree = "<group>"; };
		9255D1C828C9E68B001B5402 /* GridView.swift */ = {isa = PBXFileReference; lastKnownFileType = sourcecode.swift; path = GridView.swift; sourceTree = "<group>"; };
		92733D4628CAE572001683EF /* Menus.swift */ = {isa = PBXFileReference; lastKnownFileType = sourcecode.swift; path = Menus.swift; sourceTree = "<group>"; };
		92733D4828CB24D0001683EF /* DisplayMode.swift */ = {isa = PBXFileReference; lastKnownFileType = sourcecode.swift; path = DisplayMode.swift; sourceTree = "<group>"; };
		92733D4B28CB2EF3001683EF /* Toolbar.swift */ = {isa = PBXFileReference; lastKnownFileType = sourcecode.swift; path = Toolbar.swift; sourceTree = "<group>"; };
		92EFF54128D054DC001176EE /* TableView.swift */ = {isa = PBXFileReference; lastKnownFileType = sourcecode.swift; path = TableView.swift; sourceTree = "<group>"; };
		92EFFBF428D07C60001176EE /* DatePickerViews.swift */ = {isa = PBXFileReference; fileEncoding = 4; lastKnownFileType = sourcecode.swift; path = DatePickerViews.swift; sourceTree = "<group>"; };
		92EFFBF628D07F1A001176EE /* DayPicker.swift */ = {isa = PBXFileReference; lastKnownFileType = sourcecode.swift; path = DayPicker.swift; sourceTree = "<group>"; };
/* End PBXFileReference section */

/* Begin PBXFrameworksBuildPhase section */
		9200F36028C89E71007EF412 /* Frameworks */ = {
			isa = PBXFrameworksBuildPhase;
			buildActionMask = 2147483647;
			files = (
			);
			runOnlyForDeploymentPostprocessing = 0;
		};
/* End PBXFrameworksBuildPhase section */

/* Begin PBXGroup section */
		9200F35A28C89E71007EF412 = {
			isa = PBXGroup;
			children = (
				9200F36528C89E71007EF412 /* OnThisDay */,
				9200F36428C89E71007EF412 /* Products */,
			);
			sourceTree = "<group>";
		};
		9200F36428C89E71007EF412 /* Products */ = {
			isa = PBXGroup;
			children = (
				9200F36328C89E71007EF412 /* On This Day.app */,
			);
			name = Products;
			sourceTree = "<group>";
		};
		9200F36528C89E71007EF412 /* OnThisDay */ = {
			isa = PBXGroup;
			children = (
				9200F36628C89E71007EF412 /* OnThisDayApp.swift */,
				92733D4A28CB2ED3001683EF /* Controls */,
				9255D1C528C9D7EA001B5402 /* Views */,
				9255D1BC28C9C19C001B5402 /* Utilities */,
				9255D1B328C9C194001B5402 /* Models */,
				9200F36A28C89E74007EF412 /* Assets.xcassets */,
				9200F36F28C89E74007EF412 /* OnThisDay.entitlements */,
				9200F36C28C89E74007EF412 /* Preview Content */,
			);
			path = OnThisDay;
			sourceTree = "<group>";
		};
		9200F36C28C89E74007EF412 /* Preview Content */ = {
			isa = PBXGroup;
			children = (
				9255D1C628C9D8CD001B5402 /* SampleEvent.swift */,
				9200F36D28C89E74007EF412 /* Preview Assets.xcassets */,
			);
			path = "Preview Content";
			sourceTree = "<group>";
		};
		9255D1B328C9C194001B5402 /* Models */ = {
			isa = PBXGroup;
			children = (
				9255D1B428C9C194001B5402 /* AppState.swift */,
				9255D1B528C9C194001B5402 /* Event.swift */,
				9255D1B628C9C194001B5402 /* EventLink.swift */,
				9255D1B728C9C194001B5402 /* Day.swift */,
				92733D4828CB24D0001683EF /* DisplayMode.swift */,
			);
			path = Models;
			sourceTree = "<group>";
		};
		9255D1BC28C9C19C001B5402 /* Utilities */ = {
			isa = PBXGroup;
			children = (
				9255D1BD28C9C19C001B5402 /* String_decoded.swift */,
				9255D1BE28C9C19C001B5402 /* Networker.swift */,
			);
			path = Utilities;
			sourceTree = "<group>";
		};
		9255D1C528C9D7EA001B5402 /* Views */ = {
			isa = PBXGroup;
			children = (
				9200F36828C89E71007EF412 /* ContentView.swift */,
				9255D1C128C9CED9001B5402 /* SidebarView.swift */,
				9255D1C828C9E68B001B5402 /* GridView.swift */,
				9255D1C328C9D7D6001B5402 /* EventView.swift */,
				92EFF54128D054DC001176EE /* TableView.swift */,
				92EFFBF428D07C60001176EE /* DatePickerViews.swift */,
				92EFFBF628D07F1A001176EE /* DayPicker.swift */,
				920CCBD728D17E4700B8B51C /* PreferencesView.swift */,
			);
			path = Views;
			sourceTree = "<group>";
		};
		92733D4A28CB2ED3001683EF /* Controls */ = {
			isa = PBXGroup;
			children = (
				92733D4628CAE572001683EF /* Menus.swift */,
				92733D4B28CB2EF3001683EF /* Toolbar.swift */,
			);
			path = Controls;
			sourceTree = "<group>";
		};
/* End PBXGroup section */

/* Begin PBXNativeTarget section */
		9200F36228C89E71007EF412 /* On This Day */ = {
			isa = PBXNativeTarget;
			buildConfigurationList = 9200F37228C89E74007EF412 /* Build configuration list for PBXNativeTarget "On This Day" */;
			buildPhases = (
				9200F35F28C89E71007EF412 /* Sources */,
				9200F36028C89E71007EF412 /* Frameworks */,
				9200F36128C89E71007EF412 /* Resources */,
			);
			buildRules = (
			);
			dependencies = (
			);
			name = "On This Day";
			productName = OnThisDay;
			productReference = 9200F36328C89E71007EF412 /* On This Day.app */;
			productType = "com.apple.product-type.application";
		};
/* End PBXNativeTarget section */

/* Begin PBXProject section */
		9200F35B28C89E71007EF412 /* Project object */ = {
			isa = PBXProject;
			attributes = {
				BuildIndependentTargetsInParallel = 1;
				LastSwiftUpdateCheck = 1400;
				LastUpgradeCheck = 1400;
				TargetAttributes = {
					9200F36228C89E71007EF412 = {
						CreatedOnToolsVersion = 14.0;
					};
				};
			};
			buildConfigurationList = 9200F35E28C89E71007EF412 /* Build configuration list for PBXProject "OnThisDay" */;
			compatibilityVersion = "Xcode 14.0";
			developmentRegion = en;
			hasScannedForEncodings = 0;
			knownRegions = (
				en,
				Base,
			);
			mainGroup = 9200F35A28C89E71007EF412;
			productRefGroup = 9200F36428C89E71007EF412 /* Products */;
			projectDirPath = "";
			projectRoot = "";
			targets = (
				9200F36228C89E71007EF412 /* On This Day */,
			);
		};
/* End PBXProject section */

/* Begin PBXResourcesBuildPhase section */
		9200F36128C89E71007EF412 /* Resources */ = {
			isa = PBXResourcesBuildPhase;
			buildActionMask = 2147483647;
			files = (
				9200F36E28C89E74007EF412 /* Preview Assets.xcassets in Resources */,
				9200F36B28C89E74007EF412 /* Assets.xcassets in Resources */,
			);
			runOnlyForDeploymentPostprocessing = 0;
		};
/* End PBXResourcesBuildPhase section */

/* Begin PBXSourcesBuildPhase section */
		9200F35F28C89E71007EF412 /* Sources */ = {
			isa = PBXSourcesBuildPhase;
			buildActionMask = 2147483647;
			files = (
				920CCBD828D17E4700B8B51C /* PreferencesView.swift in Sources */,
				9255D1BF28C9C19C001B5402 /* String_decoded.swift in Sources */,
				92733D4928CB24D0001683EF /* DisplayMode.swift in Sources */,
				9255D1B928C9C194001B5402 /* Event.swift in Sources */,
				9255D1B828C9C194001B5402 /* AppState.swift in Sources */,
				92733D4728CAE572001683EF /* Menus.swift in Sources */,
				9255D1C028C9C19C001B5402 /* Networker.swift in Sources */,
				92EFFBF728D07F1A001176EE /* DayPicker.swift in Sources */,
				9255D1BB28C9C194001B5402 /* Day.swift in Sources */,
				9255D1C228C9CED9001B5402 /* SidebarView.swift in Sources */,
				9200F36928C89E71007EF412 /* ContentView.swift in Sources */,
				9255D1BA28C9C194001B5402 /* EventLink.swift in Sources */,
				9200F36728C89E71007EF412 /* OnThisDayApp.swift in Sources */,
				9255D1C428C9D7D6001B5402 /* EventView.swift in Sources */,
				92733D4C28CB2EF3001683EF /* Toolbar.swift in Sources */,
				92EFFBF528D07C60001176EE /* DatePickerViews.swift in Sources */,
				92EFF54228D054DC001176EE /* TableView.swift in Sources */,
				9255D1C928C9E68B001B5402 /* GridView.swift in Sources */,
				9255D1C728C9D8CD001B5402 /* SampleEvent.swift in Sources */,
			);
			runOnlyForDeploymentPostprocessing = 0;
		};
/* End PBXSourcesBuildPhase section */

/* Begin XCBuildConfiguration section */
		9200F37028C89E74007EF412 /* Debug */ = {
			isa = XCBuildConfiguration;
			buildSettings = {
				ALWAYS_SEARCH_USER_PATHS = NO;
				CLANG_ANALYZER_NONNULL = YES;
				CLANG_ANALYZER_NUMBER_OBJECT_CONVERSION = YES_AGGRESSIVE;
				CLANG_CXX_LANGUAGE_STANDARD = "gnu++20";
				CLANG_ENABLE_MODULES = YES;
				CLANG_ENABLE_OBJC_ARC = YES;
				CLANG_ENABLE_OBJC_WEAK = YES;
				CLANG_WARN_BLOCK_CAPTURE_AUTORELEASING = YES;
				CLANG_WARN_BOOL_CONVERSION = YES;
				CLANG_WARN_COMMA = YES;
				CLANG_WARN_CONSTANT_CONVERSION = YES;
				CLANG_WARN_DEPRECATED_OBJC_IMPLEMENTATIONS = YES;
				CLANG_WARN_DIRECT_OBJC_ISA_USAGE = YES_ERROR;
				CLANG_WARN_DOCUMENTATION_COMMENTS = YES;
				CLANG_WARN_EMPTY_BODY = YES;
				CLANG_WARN_ENUM_CONVERSION = YES;
				CLANG_WARN_INFINITE_RECURSION = YES;
				CLANG_WARN_INT_CONVERSION = YES;
				CLANG_WARN_NON_LITERAL_NULL_CONVERSION = YES;
				CLANG_WARN_OBJC_IMPLICIT_RETAIN_SELF = YES;
				CLANG_WARN_OBJC_LITERAL_CONVERSION = YES;
				CLANG_WARN_OBJC_ROOT_CLASS = YES_ERROR;
				CLANG_WARN_QUOTED_INCLUDE_IN_FRAMEWORK_HEADER = YES;
				CLANG_WARN_RANGE_LOOP_ANALYSIS = YES;
				CLANG_WARN_STRICT_PROTOTYPES = YES;
				CLANG_WARN_SUSPICIOUS_MOVE = YES;
				CLANG_WARN_UNGUARDED_AVAILABILITY = YES_AGGRESSIVE;
				CLANG_WARN_UNREACHABLE_CODE = YES;
				CLANG_WARN__DUPLICATE_METHOD_MATCH = YES;
				COPY_PHASE_STRIP = NO;
				DEBUG_INFORMATION_FORMAT = dwarf;
				ENABLE_STRICT_OBJC_MSGSEND = YES;
				ENABLE_TESTABILITY = YES;
				GCC_C_LANGUAGE_STANDARD = gnu11;
				GCC_DYNAMIC_NO_PIC = NO;
				GCC_NO_COMMON_BLOCKS = YES;
				GCC_OPTIMIZATION_LEVEL = 0;
				GCC_PREPROCESSOR_DEFINITIONS = (
					"DEBUG=1",
					"$(inherited)",
				);
				GCC_WARN_64_TO_32_BIT_CONVERSION = YES;
				GCC_WARN_ABOUT_RETURN_TYPE = YES_ERROR;
				GCC_WARN_UNDECLARED_SELECTOR = YES;
				GCC_WARN_UNINITIALIZED_AUTOS = YES_AGGRESSIVE;
				GCC_WARN_UNUSED_FUNCTION = YES;
				GCC_WARN_UNUSED_VARIABLE = YES;
				MACOSX_DEPLOYMENT_TARGET = 12.4;
				MTL_ENABLE_DEBUG_INFO = INCLUDE_SOURCE;
				MTL_FAST_MATH = YES;
				ONLY_ACTIVE_ARCH = YES;
				SDKROOT = macosx;
				SWIFT_ACTIVE_COMPILATION_CONDITIONS = DEBUG;
				SWIFT_OPTIMIZATION_LEVEL = "-Onone";
			};
			name = Debug;
		};
		9200F37128C89E74007EF412 /* Release */ = {
			isa = XCBuildConfiguration;
			buildSettings = {
				ALWAYS_SEARCH_USER_PATHS = NO;
				CLANG_ANALYZER_NONNULL = YES;
				CLANG_ANALYZER_NUMBER_OBJECT_CONVERSION = YES_AGGRESSIVE;
				CLANG_CXX_LANGUAGE_STANDARD = "gnu++20";
				CLANG_ENABLE_MODULES = YES;
				CLANG_ENABLE_OBJC_ARC = YES;
				CLANG_ENABLE_OBJC_WEAK = YES;
				CLANG_WARN_BLOCK_CAPTURE_AUTORELEASING = YES;
				CLANG_WARN_BOOL_CONVERSION = YES;
				CLANG_WARN_COMMA = YES;
				CLANG_WARN_CONSTANT_CONVERSION = YES;
				CLANG_WARN_DEPRECATED_OBJC_IMPLEMENTATIONS = YES;
				CLANG_WARN_DIRECT_OBJC_ISA_USAGE = YES_ERROR;
				CLANG_WARN_DOCUMENTATION_COMMENTS = YES;
				CLANG_WARN_EMPTY_BODY = YES;
				CLANG_WARN_ENUM_CONVERSION = YES;
				CLANG_WARN_INFINITE_RECURSION = YES;
				CLANG_WARN_INT_CONVERSION = YES;
				CLANG_WARN_NON_LITERAL_NULL_CONVERSION = YES;
				CLANG_WARN_OBJC_IMPLICIT_RETAIN_SELF = YES;
				CLANG_WARN_OBJC_LITERAL_CONVERSION = YES;
				CLANG_WARN_OBJC_ROOT_CLASS = YES_ERROR;
				CLANG_WARN_QUOTED_INCLUDE_IN_FRAMEWORK_HEADER = YES;
				CLANG_WARN_RANGE_LOOP_ANALYSIS = YES;
				CLANG_WARN_STRICT_PROTOTYPES = YES;
				CLANG_WARN_SUSPICIOUS_MOVE = YES;
				CLANG_WARN_UNGUARDED_AVAILABILITY = YES_AGGRESSIVE;
				CLANG_WARN_UNREACHABLE_CODE = YES;
				CLANG_WARN__DUPLICATE_METHOD_MATCH = YES;
				COPY_PHASE_STRIP = NO;
				DEBUG_INFORMATION_FORMAT = "dwarf-with-dsym";
				ENABLE_NS_ASSERTIONS = NO;
				ENABLE_STRICT_OBJC_MSGSEND = YES;
				GCC_C_LANGUAGE_STANDARD = gnu11;
				GCC_NO_COMMON_BLOCKS = YES;
				GCC_WARN_64_TO_32_BIT_CONVERSION = YES;
				GCC_WARN_ABOUT_RETURN_TYPE = YES_ERROR;
				GCC_WARN_UNDECLARED_SELECTOR = YES;
				GCC_WARN_UNINITIALIZED_AUTOS = YES_AGGRESSIVE;
				GCC_WARN_UNUSED_FUNCTION = YES;
				GCC_WARN_UNUSED_VARIABLE = YES;
				MACOSX_DEPLOYMENT_TARGET = 12.4;
				MTL_ENABLE_DEBUG_INFO = NO;
				MTL_FAST_MATH = YES;
				SDKROOT = macosx;
				SWIFT_COMPILATION_MODE = wholemodule;
				SWIFT_OPTIMIZATION_LEVEL = "-O";
			};
			name = Release;
		};
		9200F37328C89E74007EF412 /* Debug */ = {
			isa = XCBuildConfiguration;
			buildSettings = {
				ASSETCATALOG_COMPILER_APPICON_NAME = AppIcon;
				ASSETCATALOG_COMPILER_GLOBAL_ACCENT_COLOR_NAME = AccentColor;
				CODE_SIGN_ENTITLEMENTS = OnThisDay/OnThisDay.entitlements;
				CODE_SIGN_STYLE = Automatic;
				COMBINE_HIDPI_IMAGES = YES;
				CURRENT_PROJECT_VERSION = 1;
				DEVELOPMENT_ASSET_PATHS = "\"OnThisDay/Preview Content\"";
				DEVELOPMENT_TEAM = 248E7966L8;
				ENABLE_HARDENED_RUNTIME = YES;
				ENABLE_PREVIEWS = YES;
				GENERATE_INFOPLIST_FILE = YES;
				INFOPLIST_KEY_NSHumanReadableCopyright = "";
				LD_RUNPATH_SEARCH_PATHS = (
					"$(inherited)",
					"@executable_path/../Frameworks",
				);
				MARKETING_VERSION = 1.0;
				PRODUCT_BUNDLE_IDENTIFIER = styf.OnThisDay;
				PRODUCT_NAME = "$(TARGET_NAME)";
				SWIFT_EMIT_LOC_STRINGS = YES;
				SWIFT_VERSION = 5.0;
			};
			name = Debug;
		};
		9200F37428C89E74007EF412 /* Release */ = {
			isa = XCBuildConfiguration;
			buildSettings = {
				ASSETCATALOG_COMPILER_APPICON_NAME = AppIcon;
				ASSETCATALOG_COMPILER_GLOBAL_ACCENT_COLOR_NAME = AccentColor;
				CODE_SIGN_ENTITLEMENTS = OnThisDay/OnThisDay.entitlements;
				CODE_SIGN_STYLE = Automatic;
				COMBINE_HIDPI_IMAGES = YES;
				CURRENT_PROJECT_VERSION = 1;
				DEVELOPMENT_ASSET_PATHS = "\"OnThisDay/Preview Content\"";
				DEVELOPMENT_TEAM = 248E7966L8;
				ENABLE_HARDENED_RUNTIME = YES;
				ENABLE_PREVIEWS = YES;
				GENERATE_INFOPLIST_FILE = YES;
				INFOPLIST_KEY_NSHumanReadableCopyright = "";
				LD_RUNPATH_SEARCH_PATHS = (
					"$(inherited)",
					"@executable_path/../Frameworks",
				);
				MARKETING_VERSION = 1.0;
				PRODUCT_BUNDLE_IDENTIFIER = styf.OnThisDay;
				PRODUCT_NAME = "$(TARGET_NAME)";
				SWIFT_EMIT_LOC_STRINGS = YES;
				SWIFT_VERSION = 5.0;
			};
			name = Release;
		};
/* End XCBuildConfiguration section */

/* Begin XCConfigurationList section */
		9200F35E28C89E71007EF412 /* Build configuration list for PBXProject "OnThisDay" */ = {
			isa = XCConfigurationList;
			buildConfigurations = (
				9200F37028C89E74007EF412 /* Debug */,
				9200F37128C89E74007EF412 /* Release */,
			);
			defaultConfigurationIsVisible = 0;
			defaultConfigurationName = Release;
		};
		9200F37228C89E74007EF412 /* Build configuration list for PBXNativeTarget "On This Day" */ = {
			isa = XCConfigurationList;
			buildConfigurations = (
				9200F37328C89E74007EF412 /* Debug */,
				9200F37428C89E74007EF412 /* Release */,
			);
			defaultConfigurationIsVisible = 0;
			defaultConfigurationName = Release;
		};
/* End XCConfigurationList section */
	};
	rootObject = 9200F35B28C89E71007EF412 /* Project object */;
}
